// !$*UTF8*$!
{
	archiveVersion = 1;
	classes = {
	};
	objectVersion = 51;
	objects = {

/* Begin PBXBuildFile section */
		68315C1826D5E1F900632D3E /* AppDelegate.swift in Sources */ = {isa = PBXBuildFile; fileRef = 68315C1726D5E1F900632D3E /* AppDelegate.swift */; };
		68315C1A26D5E1F900632D3E /* SceneDelegate.swift in Sources */ = {isa = PBXBuildFile; fileRef = 68315C1926D5E1F900632D3E /* SceneDelegate.swift */; };
		68315C1C26D5E1F900632D3E /* ViewController.swift in Sources */ = {isa = PBXBuildFile; fileRef = 68315C1B26D5E1F900632D3E /* ViewController.swift */; };
		68315C1F26D5E1F900632D3E /* Main.storyboard in Resources */ = {isa = PBXBuildFile; fileRef = 68315C1D26D5E1F900632D3E /* Main.storyboard */; };
		68315C2126D5E20300632D3E /* Assets.xcassets in Resources */ = {isa = PBXBuildFile; fileRef = 68315C2026D5E20300632D3E /* Assets.xcassets */; };
		68315C2426D5E20300632D3E /* LaunchScreen.storyboard in Resources */ = {isa = PBXBuildFile; fileRef = 68315C2226D5E20300632D3E /* LaunchScreen.storyboard */; };
		68315C3026D5E5BA00632D3E /* CameraViewController.swift in Sources */ = {isa = PBXBuildFile; fileRef = 68315C2F26D5E5BA00632D3E /* CameraViewController.swift */; };
		68315C3326D5E63B00632D3E /* APICaller.swift in Sources */ = {isa = PBXBuildFile; fileRef = 68315C3226D5E63B00632D3E /* APICaller.swift */; };
		68315C3A26D6296C00632D3E /* ImageResponseModel.swift in Sources */ = {isa = PBXBuildFile; fileRef = 68315C3926D6296C00632D3E /* ImageResponseModel.swift */; };
		68315C3E26D6297900632D3E /* ImageRequestModel.swift in Sources */ = {isa = PBXBuildFile; fileRef = 68315C3D26D6297900632D3E /* ImageRequestModel.swift */; };
		91FE6AE40241B426C3BB2175 /* Pods_TrashApp.framework in Frameworks */ = {isa = PBXBuildFile; fileRef = BC77075DE59ABD973BEEC1F6 /* Pods_TrashApp.framework */; };
/* End PBXBuildFile section */

/* Begin PBXFileReference section */
		68315C1426D5E1F900632D3E /* TrashApp.app */ = {isa = PBXFileReference; explicitFileType = wrapper.application; includeInIndex = 0; path = TrashApp.app; sourceTree = BUILT_PRODUCTS_DIR; };
		68315C1726D5E1F900632D3E /* AppDelegate.swift */ = {isa = PBXFileReference; lastKnownFileType = sourcecode.swift; path = AppDelegate.swift; sourceTree = "<group>"; };
		68315C1926D5E1F900632D3E /* SceneDelegate.swift */ = {isa = PBXFileReference; lastKnownFileType = sourcecode.swift; path = SceneDelegate.swift; sourceTree = "<group>"; };
		68315C1B26D5E1F900632D3E /* ViewController.swift */ = {isa = PBXFileReference; lastKnownFileType = sourcecode.swift; path = ViewController.swift; sourceTree = "<group>"; };
		68315C1E26D5E1F900632D3E /* Base */ = {isa = PBXFileReference; lastKnownFileType = file.storyboard; name = Base; path = Base.lproj/Main.storyboard; sourceTree = "<group>"; };
		68315C2026D5E20300632D3E /* Assets.xcassets */ = {isa = PBXFileReference; lastKnownFileType = folder.assetcatalog; path = Assets.xcassets; sourceTree = "<group>"; };
		68315C2326D5E20300632D3E /* Base */ = {isa = PBXFileReference; lastKnownFileType = file.storyboard; name = Base; path = Base.lproj/LaunchScreen.storyboard; sourceTree = "<group>"; };
		68315C2526D5E20300632D3E /* Info.plist */ = {isa = PBXFileReference; lastKnownFileType = text.plist.xml; path = Info.plist; sourceTree = "<group>"; };
		68315C2F26D5E5BA00632D3E /* CameraViewController.swift */ = {isa = PBXFileReference; lastKnownFileType = sourcecode.swift; path = CameraViewController.swift; sourceTree = "<group>"; };
		68315C3226D5E63B00632D3E /* APICaller.swift */ = {isa = PBXFileReference; lastKnownFileType = sourcecode.swift; path = APICaller.swift; sourceTree = "<group>"; };
		68315C3926D6296C00632D3E /* ImageResponseModel.swift */ = {isa = PBXFileReference; lastKnownFileType = sourcecode.swift; path = ImageResponseModel.swift; sourceTree = "<group>"; };
		68315C3D26D6297900632D3E /* ImageRequestModel.swift */ = {isa = PBXFileReference; lastKnownFileType = sourcecode.swift; path = ImageRequestModel.swift; sourceTree = "<group>"; };
		97DFFA56A0E7A468EE882178 /* Pods-TrashApp.debug.xcconfig */ = {isa = PBXFileReference; includeInIndex = 1; lastKnownFileType = text.xcconfig; name = "Pods-TrashApp.debug.xcconfig"; path = "Target Support Files/Pods-TrashApp/Pods-TrashApp.debug.xcconfig"; sourceTree = "<group>"; };
		BC77075DE59ABD973BEEC1F6 /* Pods_TrashApp.framework */ = {isa = PBXFileReference; explicitFileType = wrapper.framework; includeInIndex = 0; path = Pods_TrashApp.framework; sourceTree = BUILT_PRODUCTS_DIR; };
		EF100959CFA57126F7409CB4 /* Pods-TrashApp.release.xcconfig */ = {isa = PBXFileReference; includeInIndex = 1; lastKnownFileType = text.xcconfig; name = "Pods-TrashApp.release.xcconfig"; path = "Target Support Files/Pods-TrashApp/Pods-TrashApp.release.xcconfig"; sourceTree = "<group>"; };
/* End PBXFileReference section */

/* Begin PBXFrameworksBuildPhase section */
		68315C1126D5E1F900632D3E /* Frameworks */ = {
			isa = PBXFrameworksBuildPhase;
			buildActionMask = 2147483647;
			files = (
				91FE6AE40241B426C3BB2175 /* Pods_TrashApp.framework in Frameworks */,
			);
			runOnlyForDeploymentPostprocessing = 0;
		};
/* End PBXFrameworksBuildPhase section */

/* Begin PBXGroup section */
		68315C0B26D5E1F900632D3E = {
			isa = PBXGroup;
			children = (
				68315C1626D5E1F900632D3E /* TrashApp */,
				68315C1526D5E1F900632D3E /* Products */,
				899C8D233D8F93C2E6AD3DD3 /* Pods */,
				FF1C4E50EFA16C7D6B588F54 /* Frameworks */,
			);
			sourceTree = "<group>";
		};
		68315C1526D5E1F900632D3E /* Products */ = {
			isa = PBXGroup;
			children = (
				68315C1426D5E1F900632D3E /* TrashApp.app */,
			);
			name = Products;
			sourceTree = "<group>";
		};
		68315C1626D5E1F900632D3E /* TrashApp */ = {
			isa = PBXGroup;
			children = (
				686DC7B9273BE4BC00E1B6AD /* ViewModels */,
				68315C4326D62BCB00632D3E /* Controllers */,
				68315C4126D629B900632D3E /* Managers */,
				68315C3826D6295D00632D3E /* Models */,
				68315C1726D5E1F900632D3E /* AppDelegate.swift */,
				68315C1926D5E1F900632D3E /* SceneDelegate.swift */,
				68315C1B26D5E1F900632D3E /* ViewController.swift */,
				68315C1D26D5E1F900632D3E /* Main.storyboard */,
				68315C2026D5E20300632D3E /* Assets.xcassets */,
				68315C2226D5E20300632D3E /* LaunchScreen.storyboard */,
				68315C2526D5E20300632D3E /* Info.plist */,
			);
			path = TrashApp;
			sourceTree = "<group>";
		};
		68315C3826D6295D00632D3E /* Models */ = {
			isa = PBXGroup;
			children = (
				68315C3926D6296C00632D3E /* ImageResponseModel.swift */,
				68315C3D26D6297900632D3E /* ImageRequestModel.swift */,
			);
			path = Models;
			sourceTree = "<group>";
		};
		68315C4126D629B900632D3E /* Managers */ = {
			isa = PBXGroup;
			children = (
				68315C3226D5E63B00632D3E /* APICaller.swift */,
			);
			path = Managers;
			sourceTree = "<group>";
		};
		68315C4326D62BCB00632D3E /* Controllers */ = {
			isa = PBXGroup;
			children = (
				68315C2F26D5E5BA00632D3E /* CameraViewController.swift */,
			);
			path = Controllers;
			sourceTree = "<group>";
		};
		686DC7B9273BE4BC00E1B6AD /* ViewModels */ = {
			isa = PBXGroup;
			children = (
			);
			path = ViewModels;
			sourceTree = "<group>";
		};
		899C8D233D8F93C2E6AD3DD3 /* Pods */ = {
			isa = PBXGroup;
			children = (
				97DFFA56A0E7A468EE882178 /* Pods-TrashApp.debug.xcconfig */,
				EF100959CFA57126F7409CB4 /* Pods-TrashApp.release.xcconfig */,
			);
			path = Pods;
			sourceTree = "<group>";
		};
		FF1C4E50EFA16C7D6B588F54 /* Frameworks */ = {
			isa = PBXGroup;
			children = (
				BC77075DE59ABD973BEEC1F6 /* Pods_TrashApp.framework */,
			);
			name = Frameworks;
			sourceTree = "<group>";
		};
/* End PBXGroup section */

/* Begin PBXNativeTarget section */
		68315C1326D5E1F900632D3E /* TrashApp */ = {
			isa = PBXNativeTarget;
			buildConfigurationList = 68315C2826D5E20300632D3E /* Build configuration list for PBXNativeTarget "TrashApp" */;
			buildPhases = (
				BFC39C09155205FEA7848936 /* [CP] Check Pods Manifest.lock */,
				68315C1026D5E1F900632D3E /* Sources */,
				68315C1126D5E1F900632D3E /* Frameworks */,
				68315C1226D5E1F900632D3E /* Resources */,
				E596BDBEC7364F6B7A977ACA /* [CP] Embed Pods Frameworks */,
			);
			buildRules = (
			);
			dependencies = (
			);
			name = TrashApp;
			productName = TrashApp;
			productReference = 68315C1426D5E1F900632D3E /* TrashApp.app */;
			productType = "com.apple.product-type.application";
		};
/* End PBXNativeTarget section */

/* Begin PBXProject section */
		68315C0C26D5E1F900632D3E /* Project object */ = {
			isa = PBXProject;
			attributes = {
				LastSwiftUpdateCheck = 1230;
				LastUpgradeCheck = 1230;
				TargetAttributes = {
					68315C1326D5E1F900632D3E = {
						CreatedOnToolsVersion = 12.3;
					};
				};
			};
			buildConfigurationList = 68315C0F26D5E1F900632D3E /* Build configuration list for PBXProject "TrashApp" */;
			compatibilityVersion = "Xcode 9.3";
			developmentRegion = en;
			hasScannedForEncodings = 0;
			knownRegions = (
				en,
				Base,
			);
			mainGroup = 68315C0B26D5E1F900632D3E;
			productRefGroup = 68315C1526D5E1F900632D3E /* Products */;
			projectDirPath = "";
			projectRoot = "";
			targets = (
				68315C1326D5E1F900632D3E /* TrashApp */,
			);
		};
/* End PBXProject section */

/* Begin PBXResourcesBuildPhase section */
		68315C1226D5E1F900632D3E /* Resources */ = {
			isa = PBXResourcesBuildPhase;
			buildActionMask = 2147483647;
			files = (
				68315C2426D5E20300632D3E /* LaunchScreen.storyboard in Resources */,
				68315C2126D5E20300632D3E /* Assets.xcassets in Resources */,
				68315C1F26D5E1F900632D3E /* Main.storyboard in Resources */,
			);
			runOnlyForDeploymentPostprocessing = 0;
		};
/* End PBXResourcesBuildPhase section */

/* Begin PBXShellScriptBuildPhase section */
		BFC39C09155205FEA7848936 /* [CP] Check Pods Manifest.lock */ = {
			isa = PBXShellScriptBuildPhase;
			buildActionMask = 2147483647;
			files = (
			);
			inputFileListPaths = (
			);
			inputPaths = (
				"${PODS_PODFILE_DIR_PATH}/Podfile.lock",
				"${PODS_ROOT}/Manifest.lock",
			);
			name = "[CP] Check Pods Manifest.lock";
			outputFileListPaths = (
			);
			outputPaths = (
				"$(DERIVED_FILE_DIR)/Pods-TrashApp-checkManifestLockResult.txt",
			);
			runOnlyForDeploymentPostprocessing = 0;
			shellPath = /bin/sh;
			shellScript = "diff \"${PODS_PODFILE_DIR_PATH}/Podfile.lock\" \"${PODS_ROOT}/Manifest.lock\" > /dev/null\nif [ $? != 0 ] ; then\n    # print error to STDERR\n    echo \"error: The sandbox is not in sync with the Podfile.lock. Run 'pod install' or update your CocoaPods installation.\" >&2\n    exit 1\nfi\n# This output is used by Xcode 'outputs' to avoid re-running this script phase.\necho \"SUCCESS\" > \"${SCRIPT_OUTPUT_FILE_0}\"\n";
			showEnvVarsInLog = 0;
		};
		E596BDBEC7364F6B7A977ACA /* [CP] Embed Pods Frameworks */ = {
			isa = PBXShellScriptBuildPhase;
			buildActionMask = 2147483647;
			files = (
			);
			inputFileListPaths = (
				"${PODS_ROOT}/Target Support Files/Pods-TrashApp/Pods-TrashApp-frameworks-${CONFIGURATION}-input-files.xcfilelist",
			);
			name = "[CP] Embed Pods Frameworks";
			outputFileListPaths = (
				"${PODS_ROOT}/Target Support Files/Pods-TrashApp/Pods-TrashApp-frameworks-${CONFIGURATION}-output-files.xcfilelist",
			);
			runOnlyForDeploymentPostprocessing = 0;
			shellPath = /bin/sh;
			shellScript = "\"${PODS_ROOT}/Target Support Files/Pods-TrashApp/Pods-TrashApp-frameworks.sh\"\n";
			showEnvVarsInLog = 0;
		};
/* End PBXShellScriptBuildPhase section */

/* Begin PBXSourcesBuildPhase section */
		68315C1026D5E1F900632D3E /* Sources */ = {
			isa = PBXSourcesBuildPhase;
			buildActionMask = 2147483647;
			files = (
				68315C3326D5E63B00632D3E /* APICaller.swift in Sources */,
				68315C3026D5E5BA00632D3E /* CameraViewController.swift in Sources */,
				68315C1C26D5E1F900632D3E /* ViewController.swift in Sources */,
				68315C1826D5E1F900632D3E /* AppDelegate.swift in Sources */,
				68315C1A26D5E1F900632D3E /* SceneDelegate.swift in Sources */,
				68315C3A26D6296C00632D3E /* ImageResponseModel.swift in Sources */,
				68315C3E26D6297900632D3E /* ImageRequestModel.swift in Sources */,
			);
			runOnlyForDeploymentPostprocessing = 0;
		};
/* End PBXSourcesBuildPhase section */

/* Begin PBXVariantGroup section */
		68315C1D26D5E1F900632D3E /* Main.storyboard */ = {
			isa = PBXVariantGroup;
			children = (
				68315C1E26D5E1F900632D3E /* Base */,
			);
			name = Main.storyboard;
			sourceTree = "<group>";
		};
		68315C2226D5E20300632D3E /* LaunchScreen.storyboard */ = {
			isa = PBXVariantGroup;
			children = (
				68315C2326D5E20300632D3E /* Base */,
			);
			name = LaunchScreen.storyboard;
			sourceTree = "<group>";
		};
/* End PBXVariantGroup section */

/* Begin XCBuildConfiguration section */
		68315C2626D5E20300632D3E /* Debug */ = {
			isa = XCBuildConfiguration;
			buildSettings = {
				ALWAYS_SEARCH_USER_PATHS = NO;
				CLANG_ANALYZER_NONNULL = YES;
				CLANG_ANALYZER_NUMBER_OBJECT_CONVERSION = YES_AGGRESSIVE;
				CLANG_CXX_LANGUAGE_STANDARD = "gnu++14";
				CLANG_CXX_LIBRARY = "libc++";
				CLANG_ENABLE_MODULES = YES;
				CLANG_ENABLE_OBJC_ARC = YES;
				CLANG_ENABLE_OBJC_WEAK = YES;
				CLANG_WARN_BLOCK_CAPTURE_AUTORELEASING = YES;
				CLANG_WARN_BOOL_CONVERSION = YES;
				CLANG_WARN_COMMA = YES;
				CLANG_WARN_CONSTANT_CONVERSION = YES;
				CLANG_WARN_DEPRECATED_OBJC_IMPLEMENTATIONS = YES;
				CLANG_WARN_DIRECT_OBJC_ISA_USAGE = YES_ERROR;
				CLANG_WARN_DOCUMENTATION_COMMENTS = YES;
				CLANG_WARN_EMPTY_BODY = YES;
				CLANG_WARN_ENUM_CONVERSION = YES;
				CLANG_WARN_INFINITE_RECURSION = YES;
				CLANG_WARN_INT_CONVERSION = YES;
				CLANG_WARN_NON_LITERAL_NULL_CONVERSION = YES;
				CLANG_WARN_OBJC_IMPLICIT_RETAIN_SELF = YES;
				CLANG_WARN_OBJC_LITERAL_CONVERSION = YES;
				CLANG_WARN_OBJC_ROOT_CLASS = YES_ERROR;
				CLANG_WARN_QUOTED_INCLUDE_IN_FRAMEWORK_HEADER = YES;
				CLANG_WARN_RANGE_LOOP_ANALYSIS = YES;
				CLANG_WARN_STRICT_PROTOTYPES = YES;
				CLANG_WARN_SUSPICIOUS_MOVE = YES;
				CLANG_WARN_UNGUARDED_AVAILABILITY = YES_AGGRESSIVE;
				CLANG_WARN_UNREACHABLE_CODE = YES;
				CLANG_WARN__DUPLICATE_METHOD_MATCH = YES;
				COPY_PHASE_STRIP = NO;
				DEBUG_INFORMATION_FORMAT = dwarf;
				ENABLE_STRICT_OBJC_MSGSEND = YES;
				ENABLE_TESTABILITY = YES;
				GCC_C_LANGUAGE_STANDARD = gnu11;
				GCC_DYNAMIC_NO_PIC = NO;
				GCC_NO_COMMON_BLOCKS = YES;
				GCC_OPTIMIZATION_LEVEL = 0;
				GCC_PREPROCESSOR_DEFINITIONS = (
					"DEBUG=1",
					"$(inherited)",
				);
				GCC_WARN_64_TO_32_BIT_CONVERSION = YES;
				GCC_WARN_ABOUT_RETURN_TYPE = YES_ERROR;
				GCC_WARN_UNDECLARED_SELECTOR = YES;
				GCC_WARN_UNINITIALIZED_AUTOS = YES_AGGRESSIVE;
				GCC_WARN_UNUSED_FUNCTION = YES;
				GCC_WARN_UNUSED_VARIABLE = YES;
				IPHONEOS_DEPLOYMENT_TARGET = 14.3;
				MTL_ENABLE_DEBUG_INFO = INCLUDE_SOURCE;
				MTL_FAST_MATH = YES;
				ONLY_ACTIVE_ARCH = YES;
				SDKROOT = iphoneos;
				SWIFT_ACTIVE_COMPILATION_CONDITIONS = DEBUG;
				SWIFT_OPTIMIZATION_LEVEL = "-Onone";
			};
			name = Debug;
		};
		68315C2726D5E20300632D3E /* Release */ = {
			isa = XCBuildConfiguration;
			buildSettings = {
				ALWAYS_SEARCH_USER_PATHS = NO;
				CLANG_ANALYZER_NONNULL = YES;
				CLANG_ANALYZER_NUMBER_OBJECT_CONVERSION = YES_AGGRESSIVE;
				CLANG_CXX_LANGUAGE_STANDARD = "gnu++14";
				CLANG_CXX_LIBRARY = "libc++";
				CLANG_ENABLE_MODULES = YES;
				CLANG_ENABLE_OBJC_ARC = YES;
				CLANG_ENABLE_OBJC_WEAK = YES;
				CLANG_WARN_BLOCK_CAPTURE_AUTORELEASING = YES;
				CLANG_WARN_BOOL_CONVERSION = YES;
				CLANG_WARN_COMMA = YES;
				CLANG_WARN_CONSTANT_CONVERSION = YES;
				CLANG_WARN_DEPRECATED_OBJC_IMPLEMENTATIONS = YES;
				CLANG_WARN_DIRECT_OBJC_ISA_USAGE = YES_ERROR;
				CLANG_WARN_DOCUMENTATION_COMMENTS = YES;
				CLANG_WARN_EMPTY_BODY = YES;
				CLANG_WARN_ENUM_CONVERSION = YES;
				CLANG_WARN_INFINITE_RECURSION = YES;
				CLANG_WARN_INT_CONVERSION = YES;
				CLANG_WARN_NON_LITERAL_NULL_CONVERSION = YES;
				CLANG_WARN_OBJC_IMPLICIT_RETAIN_SELF = YES;
				CLANG_WARN_OBJC_LITERAL_CONVERSION = YES;
				CLANG_WARN_OBJC_ROOT_CLASS = YES_ERROR;
				CLANG_WARN_QUOTED_INCLUDE_IN_FRAMEWORK_HEADER = YES;
				CLANG_WARN_RANGE_LOOP_ANALYSIS = YES;
				CLANG_WARN_STRICT_PROTOTYPES = YES;
				CLANG_WARN_SUSPICIOUS_MOVE = YES;
				CLANG_WARN_UNGUARDED_AVAILABILITY = YES_AGGRESSIVE;
				CLANG_WARN_UNREACHABLE_CODE = YES;
				CLANG_WARN__DUPLICATE_METHOD_MATCH = YES;
				COPY_PHASE_STRIP = NO;
				DEBUG_INFORMATION_FORMAT = "dwarf-with-dsym";
				ENABLE_NS_ASSERTIONS = NO;
				ENABLE_STRICT_OBJC_MSGSEND = YES;
				GCC_C_LANGUAGE_STANDARD = gnu11;
				GCC_NO_COMMON_BLOCKS = YES;
				GCC_WARN_64_TO_32_BIT_CONVERSION = YES;
				GCC_WARN_ABOUT_RETURN_TYPE = YES_ERROR;
				GCC_WARN_UNDECLARED_SELECTOR = YES;
				GCC_WARN_UNINITIALIZED_AUTOS = YES_AGGRESSIVE;
				GCC_WARN_UNUSED_FUNCTION = YES;
				GCC_WARN_UNUSED_VARIABLE = YES;
				IPHONEOS_DEPLOYMENT_TARGET = 14.3;
				MTL_ENABLE_DEBUG_INFO = NO;
				MTL_FAST_MATH = YES;
				SDKROOT = iphoneos;
				SWIFT_COMPILATION_MODE = wholemodule;
				SWIFT_OPTIMIZATION_LEVEL = "-O";
				VALIDATE_PRODUCT = YES;
			};
			name = Release;
		};
		68315C2926D5E20300632D3E /* Debug */ = {
			isa = XCBuildConfiguration;
			baseConfigurationReference = 97DFFA56A0E7A468EE882178 /* Pods-TrashApp.debug.xcconfig */;
			buildSettings = {
				ASSETCATALOG_COMPILER_APPICON_NAME = AppIcon;
				ASSETCATALOG_COMPILER_GLOBAL_ACCENT_COLOR_NAME = AccentColor;
				CODE_SIGN_STYLE = Automatic;
				DEVELOPMENT_TEAM = 64UD4JP756;
				INFOPLIST_FILE = TrashApp/Info.plist;
				LD_RUNPATH_SEARCH_PATHS = (
					"$(inherited)",
					"@executable_path/Frameworks",
				);
				PRODUCT_BUNDLE_IDENTIFIER = com.arthris.OrangeClassification;
				PRODUCT_NAME = "$(TARGET_NAME)";
				SWIFT_VERSION = 5.0;
				TARGETED_DEVICE_FAMILY = "1,2";
			};
			name = Debug;
		};
		68315C2A26D5E20300632D3E /* Release */ = {
			isa = XCBuildConfiguration;
			baseConfigurationReference = EF100959CFA57126F7409CB4 /* Pods-TrashApp.release.xcconfig */;
			buildSettings = {
				ASSETCATALOG_COMPILER_APPICON_NAME = AppIcon;
				ASSETCATALOG_COMPILER_GLOBAL_ACCENT_COLOR_NAME = AccentColor;
				CODE_SIGN_STYLE = Automatic;
				DEVELOPMENT_TEAM = 64UD4JP756;
				INFOPLIST_FILE = TrashApp/Info.plist;
				LD_RUNPATH_SEARCH_PATHS = (
					"$(inherited)",
					"@executable_path/Frameworks",
				);
				PRODUCT_BUNDLE_IDENTIFIER = com.arthris.OrangeClassification;
				PRODUCT_NAME = "$(TARGET_NAME)";
				SWIFT_VERSION = 5.0;
				TARGETED_DEVICE_FAMILY = "1,2";
			};
			name = Release;
		};
/* End XCBuildConfiguration section */

/* Begin XCConfigurationList section */
		68315C0F26D5E1F900632D3E /* Build configuration list for PBXProject "TrashApp" */ = {
			isa = XCConfigurationList;
			buildConfigurations = (
				68315C2626D5E20300632D3E /* Debug */,
				68315C2726D5E20300632D3E /* Release */,
			);
			defaultConfigurationIsVisible = 0;
			defaultConfigurationName = Release;
		};
		68315C2826D5E20300632D3E /* Build configuration list for PBXNativeTarget "TrashApp" */ = {
			isa = XCConfigurationList;
			buildConfigurations = (
				68315C2926D5E20300632D3E /* Debug */,
				68315C2A26D5E20300632D3E /* Release */,
			);
			defaultConfigurationIsVisible = 0;
			defaultConfigurationName = Release;
		};
/* End XCConfigurationList section */
	};
	rootObject = 68315C0C26D5E1F900632D3E /* Project object */;
}
